
Microsoft Visual Studio Solution File, Format Version 12.00
# Visual Studio Version 16
VisualStudioVersion = 16.0.31112.23
MinimumVisualStudioVersion = 10.0.40219.1
Project("{FAE04EC0-301F-11D3-BF4B-00C04F79EFBC}") = "Inventory", "Inventory\Inventory.csproj", "{426D77ED-56B6-4381-A06A-B4706C0B318B}"
EndProject
Global
	GlobalSection(SolutionConfigurationPlatforms) = preSolution
		Debug|Any CPU = Debug|Any CPU
		Release|Any CPU = Release|Any CPU
	EndGlobalSection
	GlobalSection(ProjectConfigurationPlatforms) = postSolution
		{426D77ED-56B6-4381-A06A-B4706C0B318B}.Debug|Any CPU.ActiveCfg = Debug|Any CPU
		{426D77ED-56B6-4381-A06A-B4706C0B318B}.Debug|Any CPU.Build.0 = Debug|Any CPU
		{426D77ED-56B6-4381-A06A-B4706C0B318B}.Release|Any CPU.ActiveCfg = Release|Any CPU
		{426D77ED-56B6-4381-A06A-B4706C0B318B}.Release|Any CPU.Build.0 = Release|Any CPU
	EndGlobalSection
	GlobalSection(SolutionProperties) = preSolution
		HideSolutionNode = FALSE
	EndGlobalSection
	GlobalSection(ExtensibilityGlobals) = postSolution
		SolutionGuid = {78CF0F14-52A1-463F-AC77-83FA15414B24}
	EndGlobalSection
EndGlobal
